{
  "name": "@yo1dog/pg-error",
  "version": "1.0.0",
  "lockfileVersion": 1,
  "requires": true,
  "dependencies": {
    "@yo1dog/cerror": {
      "version": "1.0.3",
      "resolved": "https://registry.npmjs.org/@yo1dog/cerror/-/cerror-1.0.3.tgz",
      "integrity": "sha512-smks3lxaKBuS7BgktUIgidZ2dO/y6cbCg6Tl5856fbDSxtgayYFRX2wZge/YEXxl/chrMv1NOtLh/YKjKpGAaw==",
      "requires": {
        "@yo1dog/extendable-error": "^1.0.2"
      }
    },
    "@yo1dog/extendable-error": {
      "version": "1.0.2",
      "resolved": "https://registry.npmjs.org/@yo1dog/extendable-error/-/extendable-error-1.0.2.tgz",
      "integrity": "sha512-XmS1Dny46QDYmbOlm6eRy2npXTkIVRRO9EfPP7KWGnBU5t5ui3cC0/Ttkc3PaHx90qKGylvDH8CHf6xevfiBbQ=="
    }
  }
}
